
Microsoft Visual Studio Solution File, Format Version 12.00
# Visual Studio Version 16
VisualStudioVersion = 16.0.28803.202
MinimumVisualStudioVersion = 10.0.40219.1
Project("{FAE04EC0-301F-11D3-BF4B-00C04F79EFBC}") = "CallStackTest", "CallStackTest\CallStackTest.csproj", "{B9E5DC51-FD32-42EA-82F4-0497C7CA9E00}"
EndProject
Global
	GlobalSection(SolutionConfigurationPlatforms) = preSolution
		Debug|Any CPU = Debug|Any CPU
		Release|Any CPU = Release|Any CPU
	EndGlobalSection
	GlobalSection(ProjectConfigurationPlatforms) = postSolution
		{B9E5DC51-FD32-42EA-82F4-0497C7CA9E00}.Debug|Any CPU.ActiveCfg = Debug|Any CPU
		{B9E5DC51-FD32-42EA-82F4-0497C7CA9E00}.Debug|Any CPU.Build.0 = Debug|Any CPU
		{B9E5DC51-FD32-42EA-82F4-0497C7CA9E00}.Release|Any CPU.ActiveCfg = Release|Any CPU
		{B9E5DC51-FD32-42EA-82F4-0497C7CA9E00}.Release|Any CPU.Build.0 = Release|Any CPU
	EndGlobalSection
	GlobalSection(SolutionProperties) = preSolution
		HideSolutionNode = FALSE
	EndGlobalSection
	GlobalSection(ExtensibilityGlobals) = postSolution
		SolutionGuid = {52BBF09E-2DBA-413A-8F19-A0D533940412}
	EndGlobalSection
EndGlobal
